
Microsoft Visual Studio Solution File, Format Version 12.00
# Visual Studio Version 17
VisualStudioVersion = 17.0.31903.59
MinimumVisualStudioVersion = 10.0.40219.1
Project("{2150E333-8FDC-42A3-9474-1A3956D46DE8}") = "KP-Lab1", "KP-Lab1", "{8FCF90C8-91B7-4893-9A2F-1C0123718F00}"
EndProject
Project("{9A19103F-16F7-4668-BE54-9A1E7A4F7556}") = "Lab1", "KP-Lab1\Lab1\Lab1.csproj", "{200CBA38-DDB2-46C3-ACDA-654C24508800}"
EndProject
Project("{2150E333-8FDC-42A3-9474-1A3956D46DE8}") = "KP-Lab2", "KP-Lab2", "{54EF0017-AD0A-4528-88DF-CC6E2B916F4E}"
EndProject
Project("{9A19103F-16F7-4668-BE54-9A1E7A4F7556}") = "Lab2", "KP-Lab2\Lab2\Lab2.csproj", "{2790DF69-5D28-44B0-AE79-CDD2755EFED0}"
EndProject
Project("{2150E333-8FDC-42A3-9474-1A3956D46DE8}") = "KP-Lab3", "KP-Lab3", "{3F986814-1632-4451-9183-045F9A3E70F3}"
EndProject
Project("{9A19103F-16F7-4668-BE54-9A1E7A4F7556}") = "Lab3", "KP-Lab3\Lab3\Lab3.csproj", "{905318FE-5610-4166-9656-67199C853A3A}"
EndProject
Project("{2150E333-8FDC-42A3-9474-1A3956D46DE8}") = "KP-Lab4", "KP-Lab4", "{44E5AC24-8C2A-45EE-A04F-60F2F2119456}"
EndProject
Project("{9A19103F-16F7-4668-BE54-9A1E7A4F7556}") = "PK-Lab4.Console", "KP-Lab4\PK-Lab4.Console\PK-Lab4.Console.csproj", "{B6E3449C-B6A0-445D-936C-1E880020A8F0}"
EndProject
Project("{2150E333-8FDC-42A3-9474-1A3956D46DE8}") = "KP-Lab5", "KP-Lab5", "{8B16640A-2D27-4587-990D-3E7BDD1CA36F}"
EndProject
Project("{9A19103F-16F7-4668-BE54-9A1E7A4F7556}") = "Lab5.Api", "KP-Lab5\Lab5.Api\Lab5.Api.csproj", "{D72A6B33-AE70-4E14-A59C-A6F380190441}"
EndProject
Project("{9A19103F-16F7-4668-BE54-9A1E7A4F7556}") = "Lab5.Identity", "KP-Lab5\Lab5.Identity\Lab5.Identity.csproj", "{7CB362BC-E19A-4C84-BDC5-4CEACCCF3915}"
EndProject
Project("{FAE04EC0-301F-11D3-BF4B-00C04F79EFBC}") = "Lab5.Web", "KP-Lab5\Lab5.Web\Lab5.Web.csproj", "{73019AD9-FFFB-47FD-81E4-FEFB93DB1435}"
EndProject
Global
	GlobalSection(SolutionConfigurationPlatforms) = preSolution
		Debug|Any CPU = Debug|Any CPU
		Release|Any CPU = Release|Any CPU
	EndGlobalSection
	GlobalSection(ProjectConfigurationPlatforms) = postSolution
		{200CBA38-DDB2-46C3-ACDA-654C24508800}.Debug|Any CPU.ActiveCfg = Debug|Any CPU
		{200CBA38-DDB2-46C3-ACDA-654C24508800}.Debug|Any CPU.Build.0 = Debug|Any CPU
		{200CBA38-DDB2-46C3-ACDA-654C24508800}.Release|Any CPU.ActiveCfg = Release|Any CPU
		{200CBA38-DDB2-46C3-ACDA-654C24508800}.Release|Any CPU.Build.0 = Release|Any CPU
		{2790DF69-5D28-44B0-AE79-CDD2755EFED0}.Debug|Any CPU.ActiveCfg = Debug|Any CPU
		{2790DF69-5D28-44B0-AE79-CDD2755EFED0}.Debug|Any CPU.Build.0 = Debug|Any CPU
		{2790DF69-5D28-44B0-AE79-CDD2755EFED0}.Release|Any CPU.ActiveCfg = Release|Any CPU
		{2790DF69-5D28-44B0-AE79-CDD2755EFED0}.Release|Any CPU.Build.0 = Release|Any CPU
		{905318FE-5610-4166-9656-67199C853A3A}.Debug|Any CPU.ActiveCfg = Debug|Any CPU
		{905318FE-5610-4166-9656-67199C853A3A}.Debug|Any CPU.Build.0 = Debug|Any CPU
		{905318FE-5610-4166-9656-67199C853A3A}.Release|Any CPU.ActiveCfg = Release|Any CPU
		{905318FE-5610-4166-9656-67199C853A3A}.Release|Any CPU.Build.0 = Release|Any CPU
		{B6E3449C-B6A0-445D-936C-1E880020A8F0}.Debug|Any CPU.ActiveCfg = Debug|Any CPU
		{B6E3449C-B6A0-445D-936C-1E880020A8F0}.Debug|Any CPU.Build.0 = Debug|Any CPU
		{B6E3449C-B6A0-445D-936C-1E880020A8F0}.Release|Any CPU.ActiveCfg = Release|Any CPU
		{B6E3449C-B6A0-445D-936C-1E880020A8F0}.Release|Any CPU.Build.0 = Release|Any CPU
		{D72A6B33-AE70-4E14-A59C-A6F380190441}.Debug|Any CPU.ActiveCfg = Debug|Any CPU
		{D72A6B33-AE70-4E14-A59C-A6F380190441}.Debug|Any CPU.Build.0 = Debug|Any CPU
		{D72A6B33-AE70-4E14-A59C-A6F380190441}.Release|Any CPU.ActiveCfg = Release|Any CPU
		{D72A6B33-AE70-4E14-A59C-A6F380190441}.Release|Any CPU.Build.0 = Release|Any CPU
		{7CB362BC-E19A-4C84-BDC5-4CEACCCF3915}.Debug|Any CPU.ActiveCfg = Debug|Any CPU
		{7CB362BC-E19A-4C84-BDC5-4CEACCCF3915}.Debug|Any CPU.Build.0 = Debug|Any CPU
		{7CB362BC-E19A-4C84-BDC5-4CEACCCF3915}.Release|Any CPU.ActiveCfg = Release|Any CPU
		{7CB362BC-E19A-4C84-BDC5-4CEACCCF3915}.Release|Any CPU.Build.0 = Release|Any CPU
		{73019AD9-FFFB-47FD-81E4-FEFB93DB1435}.Debug|Any CPU.ActiveCfg = Debug|Any CPU
		{73019AD9-FFFB-47FD-81E4-FEFB93DB1435}.Debug|Any CPU.Build.0 = Debug|Any CPU
		{73019AD9-FFFB-47FD-81E4-FEFB93DB1435}.Release|Any CPU.ActiveCfg = Release|Any CPU
		{73019AD9-FFFB-47FD-81E4-FEFB93DB1435}.Release|Any CPU.Build.0 = Release|Any CPU
	EndGlobalSection
	GlobalSection(SolutionProperties) = preSolution
		HideSolutionNode = FALSE
	EndGlobalSection
	GlobalSection(NestedProjects) = preSolution
		{200CBA38-DDB2-46C3-ACDA-654C24508800} = {8FCF90C8-91B7-4893-9A2F-1C0123718F00}
		{2790DF69-5D28-44B0-AE79-CDD2755EFED0} = {54EF0017-AD0A-4528-88DF-CC6E2B916F4E}
		{905318FE-5610-4166-9656-67199C853A3A} = {3F986814-1632-4451-9183-045F9A3E70F3}
		{B6E3449C-B6A0-445D-936C-1E880020A8F0} = {44E5AC24-8C2A-45EE-A04F-60F2F2119456}
		{D72A6B33-AE70-4E14-A59C-A6F380190441} = {8B16640A-2D27-4587-990D-3E7BDD1CA36F}
		{7CB362BC-E19A-4C84-BDC5-4CEACCCF3915} = {8B16640A-2D27-4587-990D-3E7BDD1CA36F}
		{73019AD9-FFFB-47FD-81E4-FEFB93DB1435} = {8B16640A-2D27-4587-990D-3E7BDD1CA36F}
	EndGlobalSection
	GlobalSection(ExtensibilityGlobals) = postSolution
		SolutionGuid = {2428937A-8428-45AB-9395-B79F9B9D4274}
	EndGlobalSection
EndGlobal
