
Microsoft Visual Studio Solution File, Format Version 12.00
# Visual Studio Version 17
VisualStudioVersion = 17.0.31903.59
MinimumVisualStudioVersion = 10.0.40219.1
Project("{2150E333-8FDC-42A3-9474-1A3956D46DE8}") = "KP-Lab1", "KP-Lab1", "{8FCF90C8-91B7-4893-9A2F-1C0123718F00}"
EndProject
Project("{FAE04EC0-301F-11D3-BF4B-00C04F79EFBC}") = "Lab1", "KP-Lab1\Lab1\Lab1.csproj", "{200CBA38-DDB2-46C3-ACDA-654C24508800}"
EndProject
Project("{2150E333-8FDC-42A3-9474-1A3956D46DE8}") = "KP-Lab2", "KP-Lab2", "{54EF0017-AD0A-4528-88DF-CC6E2B916F4E}"
EndProject
Project("{FAE04EC0-301F-11D3-BF4B-00C04F79EFBC}") = "Lab2", "KP-Lab2\Lab2\Lab2.csproj", "{2790DF69-5D28-44B0-AE79-CDD2755EFED0}"
EndProject
Global
	GlobalSection(SolutionConfigurationPlatforms) = preSolution
		Debug|Any CPU = Debug|Any CPU
		Release|Any CPU = Release|Any CPU
	EndGlobalSection
	GlobalSection(ProjectConfigurationPlatforms) = postSolution
		{200CBA38-DDB2-46C3-ACDA-654C24508800}.Debug|Any CPU.ActiveCfg = Debug|Any CPU
		{200CBA38-DDB2-46C3-ACDA-654C24508800}.Debug|Any CPU.Build.0 = Debug|Any CPU
		{200CBA38-DDB2-46C3-ACDA-654C24508800}.Release|Any CPU.ActiveCfg = Release|Any CPU
		{200CBA38-DDB2-46C3-ACDA-654C24508800}.Release|Any CPU.Build.0 = Release|Any CPU
		{2790DF69-5D28-44B0-AE79-CDD2755EFED0}.Debug|Any CPU.ActiveCfg = Debug|Any CPU
		{2790DF69-5D28-44B0-AE79-CDD2755EFED0}.Debug|Any CPU.Build.0 = Debug|Any CPU
		{2790DF69-5D28-44B0-AE79-CDD2755EFED0}.Release|Any CPU.ActiveCfg = Release|Any CPU
		{2790DF69-5D28-44B0-AE79-CDD2755EFED0}.Release|Any CPU.Build.0 = Release|Any CPU
	EndGlobalSection
	GlobalSection(SolutionProperties) = preSolution
		HideSolutionNode = FALSE
	EndGlobalSection
	GlobalSection(NestedProjects) = preSolution
		{200CBA38-DDB2-46C3-ACDA-654C24508800} = {8FCF90C8-91B7-4893-9A2F-1C0123718F00}
		{2790DF69-5D28-44B0-AE79-CDD2755EFED0} = {54EF0017-AD0A-4528-88DF-CC6E2B916F4E}
	EndGlobalSection
	GlobalSection(ExtensibilityGlobals) = postSolution
		SolutionGuid = {2428937A-8428-45AB-9395-B79F9B9D4274}
	EndGlobalSection
EndGlobal
